
Microsoft Visual Studio Solution File, Format Version 12.00
Project("{FAE04EC0-301F-11D3-BF4B-00C04F79EFBC}") = "ThreadsAndTasks", "ThreadsAndTasks\ThreadsAndTasks.csproj", "{3E789377-B538-4656-9392-21C288A6BF77}"
EndProject
Global
	GlobalSection(SolutionConfigurationPlatforms) = preSolution
		Debug|Any CPU = Debug|Any CPU
		Release|Any CPU = Release|Any CPU
	EndGlobalSection
	GlobalSection(ProjectConfigurationPlatforms) = postSolution
		{3E789377-B538-4656-9392-21C288A6BF77}.Debug|Any CPU.ActiveCfg = Debug|Any CPU
		{3E789377-B538-4656-9392-21C288A6BF77}.Debug|Any CPU.Build.0 = Debug|Any CPU
		{3E789377-B538-4656-9392-21C288A6BF77}.Release|Any CPU.ActiveCfg = Release|Any CPU
		{3E789377-B538-4656-9392-21C288A6BF77}.Release|Any CPU.Build.0 = Release|Any CPU
	EndGlobalSection
EndGlobal
